{
    "_readme": [
        "This file locks the dependencies of your project to a known state",
        "Read more about it at https://getcomposer.org/doc/01-basic-usage.md#composer-lock-the-lock-file",
        "This file is @generated automatically"
    ],
    "hash": "fcefbc261e25ee31fce74dc79124cf29",
    "content-hash": "a3e60d485adc1214e3d20ec75813da37",
    "packages": [
        {
            "name": "composer/installers",
            "version": "dev-master",
            "source": {
                "type": "git",
                "url": "https://github.com/composer/installers.git",
                "reference": "eef05aa80320f7d563acee6a16dc526bb0d54b9c"
            },
            "dist": {
                "type": "zip",
                "url": "https://api.github.com/repos/composer/installers/zipball/eef05aa80320f7d563acee6a16dc526bb0d54b9c",
                "reference": "eef05aa80320f7d563acee6a16dc526bb0d54b9c",
                "shasum": ""
            },
            "require": {
                "composer-plugin-api": "^1.0"
            },
            "replace": {
                "roundcube/plugin-installer": "*",
                "shama/baton": "*"
            },
            "require-dev": {
                "composer/composer": "1.0.*@dev",
                "phpunit/phpunit": "4.1.*"
            },
            "type": "composer-plugin",
            "extra": {
                "class": "Composer\\Installers\\Plugin",
                "branch-alias": {
                    "dev-master": "1.0-dev"
                }
            },
            "autoload": {
                "psr-4": {
                    "Composer\\Installers\\": "src/Composer/Installers"
                }
            },
            "notification-url": "https://packagist.org/downloads/",
            "license": [
                "MIT"
            ],
            "authors": [
                {
                    "name": "Kyle Robinson Young",
                    "email": "kyle@dontkry.com",
                    "homepage": "https://github.com/shama"
                }
            ],
            "description": "A multi-framework Composer library installer",
            "homepage": "https://composer.github.io/installers/",
            "keywords": [
                "Craft",
                "Dolibarr",
                "Hurad",
                "ImageCMS",
                "MODX Evo",
                "Mautic",
                "OXID",
                "RadPHP",
                "SMF",
                "Thelia",
                "WolfCMS",
                "agl",
                "aimeos",
                "annotatecms",
                "bitrix",
                "cakephp",
                "chef",
                "codeigniter",
                "concrete5",
                "croogo",
                "dokuwiki",
                "drupal",
                "elgg",
                "fuelphp",
                "grav",
                "installer",
                "joomla",
                "kohana",
                "laravel",
                "lithium",
                "magento",
                "mako",
                "mediawiki",
                "modulework",
                "moodle",
                "phpbb",
                "piwik",
                "ppi",
                "puppet",
                "roundcube",
                "shopware",
                "silverstripe",
                "symfony",
                "typo3",
                "wordpress",
                "zend",
                "zikula"
            ],
            "time": "2016-04-15 21:04:42"
        },
        {
            "name": "fancyguy/webroot-installer",
            "version": "1.0.0",
            "source": {
                "type": "git",
                "url": "https://github.com/fancyguy/webroot-installer.git",
                "reference": "4888a3dad9ab3b3da505a149230be0ec2ab837f4"
            },
            "dist": {
                "type": "zip",
                "url": "https://api.github.com/repos/fancyguy/webroot-installer/zipball/4888a3dad9ab3b3da505a149230be0ec2ab837f4",
                "reference": "4888a3dad9ab3b3da505a149230be0ec2ab837f4",
                "shasum": ""
            },
            "require-dev": {
                "composer/composer": "1.0.*@dev",
                "phpunit/phpunit": "3.7.*"
            },
            "type": "composer-installer",
            "extra": {
                "class": "FancyGuy\\Composer\\WebrootInstaller"
            },
            "autoload": {
                "psr-0": {
                    "FancyGuy\\Composer\\": "src/"
                }
            },
            "notification-url": "https://packagist.org/downloads/",
            "license": [
                "BSD-3-Clause"
            ],
            "authors": [
                {
                    "name": "Steve Buzonas",
                    "email": "steve@fancyguy.com",
                    "homepage": "http://www.stevebuzonas.com"
                }
            ],
            "description": "A composer installer for libraries that live in an application webroot.",
            "homepage": "http://fancyguy.github.com/webroot-installer/",
            "time": "2013-01-29 22:51:45"
        },
        {
            "name": "jbrinley/wp-git-deploy",
            "version": "dev-master",
            "source": {
                "type": "git",
                "url": "https://github.com/jbrinley/wp-git-deploy.git",
                "reference": "ddff29d92773c42990e0f68694eb33e143a7b83d"
            },
            "dist": {
                "type": "zip",
                "url": "https://api.github.com/repos/jbrinley/wp-git-deploy/zipball/ddff29d92773c42990e0f68694eb33e143a7b83d",
                "reference": "ddff29d92773c42990e0f68694eb33e143a7b83d",
                "shasum": ""
            },
            "type": "wordpress-plugin",
            "license": [
                "GPL-2.0"
            ],
            "authors": [
                {
                    "name": "Jonathan Brinley",
                    "email": "jonathan@flightless.us"
                }
            ],
            "description": "Git Deployment via WordPress",
            "support": {
                "source": "https://github.com/jbrinley/wp-git-deploy/tree/master",
                "issues": "https://github.com/jbrinley/wp-git-deploy/issues"
            },
            "time": "2015-03-31 01:46:06"
        },
        {
            "name": "moderntribe/tribe-admin-dashboard",
            "version": "1.0.0",
            "source": {
                "type": "git",
                "url": "git@github.com:moderntribe/tribe-admin-dashboard.git",
                "reference": "0c387dff78812dd62f408e7ecab5d3c61c68c381"
            },
            "dist": {
                "type": "zip",
                "url": "https://api.github.com/repos/moderntribe/tribe-admin-dashboard/zipball/0c387dff78812dd62f408e7ecab5d3c61c68c381",
                "reference": "0c387dff78812dd62f408e7ecab5d3c61c68c381",
                "shasum": ""
            },
            "type": "wordpress-plugin",
            "license": [
                "Private"
            ],
            "authors": [
                {
                    "name": "Peter Chester",
                    "email": "peter@tri.be"
                }
            ],
            "description": "Override the admin dashboard with a totally custom single screen admin.",
            "support": {
                "source": "https://github.com/moderntribe/tribe-admin-dashboard/tree/1.0.0",
                "issues": "https://github.com/moderntribe/tribe-admin-dashboard/issues"
            },
            "time": "2015-03-30 16:16:29"
        },
        {
            "name": "moderntribe/tribe-branding",
            "version": "1.0.0",
            "source": {
                "type": "git",
                "url": "git@github.com:moderntribe/tribe-branding.git",
                "reference": "67dac08a2bb17277c77c95c253f6e1a95ccbdaa4"
            },
            "dist": {
                "type": "zip",
                "url": "https://api.github.com/repos/moderntribe/tribe-branding/zipball/67dac08a2bb17277c77c95c253f6e1a95ccbdaa4",
                "reference": "67dac08a2bb17277c77c95c253f6e1a95ccbdaa4",
                "shasum": ""
            },
            "type": "wordpress-plugin",
            "license": [
                "Private"
            ],
            "authors": [
                {
                    "name": "Peter Chester",
                    "email": "peter@tri.be"
                }
            ],
            "description": "Update links and logos and social icons",
            "support": {
                "source": "https://github.com/moderntribe/tribe-branding/tree/1.0.0",
                "issues": "https://github.com/moderntribe/tribe-branding/issues"
            },
            "time": "2015-03-30 16:25:13"
        },
        {
            "name": "moderntribe/tribe-glomar",
            "version": "dev-master",
            "source": {
                "type": "git",
                "url": "git@github.com:moderntribe/glomar.git",
                "reference": "f9ea0dbbc8bb4de222521ac98ab73fef4bd4f208"
            },
            "dist": {
                "type": "zip",
                "url": "https://api.github.com/repos/moderntribe/glomar/zipball/f9ea0dbbc8bb4de222521ac98ab73fef4bd4f208",
                "reference": "f9ea0dbbc8bb4de222521ac98ab73fef4bd4f208",
                "shasum": ""
            },
            "require": {
                "composer/installers": "~1.0"
            },
            "type": "wordpress-plugin",
            "license": [
                "Private"
            ],
            "authors": [
                {
                    "name": "Modern Tribe",
                    "email": "peter@tri.be"
                }
            ],
            "description": "Modern Tribe Glomar plugin.",
            "support": {
                "source": "https://github.com/moderntribe/glomar/tree/master",
                "issues": "https://github.com/moderntribe/glomar/issues"
            },
            "time": "2016-03-14 02:08:54"
        },
        {
            "name": "moderntribe/tribe-quick-profiler",
            "version": "1.0.1",
            "source": {
                "type": "git",
                "url": "https://github.com/moderntribe/tribe-quick-profiler.git",
                "reference": "fd0219931980e78663c32630ecfe4d18ed139ea3"
            },
            "dist": {
                "type": "zip",
                "url": "https://api.github.com/repos/moderntribe/tribe-quick-profiler/zipball/fd0219931980e78663c32630ecfe4d18ed139ea3",
                "reference": "fd0219931980e78663c32630ecfe4d18ed139ea3",
                "shasum": ""
            },
            "type": "wordpress-plugin",
            "license": [
                "GPL-2.0"
            ],
            "authors": [
                {
                    "name": "Peter Chester",
                    "email": "peter@tri.be"
                }
            ],
            "description": "A tool to easily and rapidly profile WordPress load time and memory usage with an extremely low overhead.",
            "support": {
                "source": "https://github.com/moderntribe/tribe-quick-profiler/tree/1.0.1",
                "issues": "https://github.com/moderntribe/tribe-quick-profiler/issues"
            },
            "time": "2015-03-30 16:37:29"
        },
        {
            "name": "moderntribe/tribe-roles",
            "version": "1.0.0",
            "source": {
                "type": "git",
                "url": "git@github.com:moderntribe/tribe-roles.git",
                "reference": "ebbd7dc3e7288122f01db862d1fa55ed5fd806e4"
            },
            "dist": {
                "type": "zip",
                "url": "https://api.github.com/repos/moderntribe/tribe-roles/zipball/ebbd7dc3e7288122f01db862d1fa55ed5fd806e4",
                "reference": "ebbd7dc3e7288122f01db862d1fa55ed5fd806e4",
                "shasum": ""
            },
            "type": "wordpress-plugin",
            "license": [
                "Private"
            ],
            "authors": [
                {
                    "name": "Peter Chester",
                    "email": "peter@tri.be"
                }
            ],
            "description": "Refine and manage the available roles",
            "support": {
                "source": "https://github.com/moderntribe/tribe-roles/tree/1.0.0",
                "issues": "https://github.com/moderntribe/tribe-roles/issues"
            },
            "time": "2015-03-30 17:11:51"
        },
        {
            "name": "moderntribe/tribe-security",
            "version": "1.0.0",
            "source": {
                "type": "git",
                "url": "git@github.com:moderntribe/tribe-security.git",
                "reference": "1e9ee736e30b8000862971a8fa5e8b71b099caa6"
            },
            "dist": {
                "type": "zip",
                "url": "https://api.github.com/repos/moderntribe/tribe-security/zipball/1e9ee736e30b8000862971a8fa5e8b71b099caa6",
                "reference": "1e9ee736e30b8000862971a8fa5e8b71b099caa6",
                "shasum": ""
            },
            "type": "wordpress-plugin",
            "license": [
                "Private"
            ],
            "authors": [
                {
                    "name": "Peter Chester",
                    "email": "peter@tri.be"
                }
            ],
            "description": "Modern Tribe security tweaks.",
            "support": {
                "source": "https://github.com/moderntribe/tribe-security/tree/1.0.0",
                "issues": "https://github.com/moderntribe/tribe-security/issues"
            },
            "time": "2015-03-30 16:54:00"
        },
        {
            "name": "wordpress",
            "version": "4.5",
            "dist": {
                "type": "zip",
                "url": "https://wordpress.org/latest.zip",
                "reference": null,
                "shasum": null
            },
            "require": {
                "fancyguy/webroot-installer": "1.0.0"
            },
            "type": "webroot"
        },
        {
            "name": "wpackagist-plugin/configure-smtp",
            "version": "3.1",
            "source": {
                "type": "svn",
                "url": "https://plugins.svn.wordpress.org/configure-smtp/",
                "reference": "tags/3.1"
            },
            "dist": {
                "type": "zip",
                "url": "https://downloads.wordpress.org/plugin/configure-smtp.3.1.zip",
                "reference": null,
                "shasum": null
            },
            "require": {
                "composer/installers": "~1.0"
            },
            "type": "wordpress-plugin",
            "homepage": "https://wordpress.org/plugins/configure-smtp/"
        },
        {
            "name": "wpackagist-plugin/limit-login-attempts",
            "version": "dev-trunk",
            "source": {
                "type": "svn",
                "url": "https://plugins.svn.wordpress.org/limit-login-attempts/",
                "reference": "trunk"
            },
            "dist": {
                "type": "zip",
                "url": "https://downloads.wordpress.org/plugin/limit-login-attempts.zip",
                "reference": null,
                "shasum": null
            },
            "require": {
                "composer/installers": "~1.0"
            },
            "type": "wordpress-plugin",
            "homepage": "https://wordpress.org/plugins/limit-login-attempts/",
            "time": "2012-06-01 18:26:09"
        },
        {
            "name": "wpackagist-plugin/posts-to-posts",
            "version": "dev-trunk",
            "source": {
                "type": "svn",
                "url": "https://plugins.svn.wordpress.org/posts-to-posts/",
                "reference": "trunk"
            },
            "dist": {
                "type": "zip",
                "url": "https://downloads.wordpress.org/plugin/posts-to-posts.zip",
                "reference": null,
                "shasum": null
            },
            "require": {
                "composer/installers": "~1.0"
            },
            "type": "wordpress-plugin",
            "homepage": "https://wordpress.org/plugins/posts-to-posts/",
            "time": "2015-10-13 16:03:02"
        },
        {
            "name": "wpackagist-plugin/regenerate-thumbnails",
            "version": "dev-trunk",
            "source": {
                "type": "svn",
                "url": "https://plugins.svn.wordpress.org/regenerate-thumbnails/",
                "reference": "trunk"
            },
            "dist": {
                "type": "zip",
                "url": "https://downloads.wordpress.org/plugin/regenerate-thumbnails.zip",
                "reference": null,
                "shasum": null
            },
            "require": {
                "composer/installers": "~1.0"
            },
            "type": "wordpress-plugin",
            "homepage": "https://wordpress.org/plugins/regenerate-thumbnails/",
            "time": "2015-12-30 09:46:58"
        },
        {
            "name": "wpackagist-plugin/wordpress-importer",
            "version": "dev-trunk",
            "source": {
                "type": "svn",
                "url": "https://plugins.svn.wordpress.org/wordpress-importer/",
                "reference": "trunk"
            },
            "dist": {
                "type": "zip",
                "url": "https://downloads.wordpress.org/plugin/wordpress-importer.zip",
                "reference": null,
                "shasum": null
            },
            "require": {
                "composer/installers": "~1.0"
            },
            "type": "wordpress-plugin",
            "homepage": "https://wordpress.org/plugins/wordpress-importer/",
            "time": "2015-06-01 23:26:00"
        }
    ],
    "packages-dev": null,
    "aliases": [],
    "minimum-stability": "dev",
    "stability-flags": [],
    "prefer-stable": false,
    "prefer-lowest": false,
    "platform": [],
    "platform-dev": []
}
